{
  "name": "@cloacina/seed-harness",
  "version": "0.7.0",
  "lockfileVersion": 3,
  "requires": true,
  "packages": {
    "": {
      "name": "@cloacina/seed-harness",
      "version": "0.7.0",
      "license": "Apache-2.0",
      "dependencies": {
        "@cloacina/client": "file:../../clients/typescript"
      },
      "bin": {
        "cloacina-seed": "src/main.mjs"
      },
      "engines": {
        "node": ">=20"
      }
    },
    "../../clients/typescript": {
      "version": "0.7.0",
      "license": "Apache-2.0",
      "dependencies": {
        "openapi-fetch": "0.13.5"
      },
      "devDependencies": {
        "@types/node": "^22.19.20",
        "openapi-typescript": "7.13.0",
        "tsup": "8.5.0",
        "typescript": "5.7.3",
        "vitest": "3.2.4"
      },
      "engines": {
        "node": ">=20"
      }
    },
    "node_modules/@cloacina/client": {
      "resolved": "../../clients/typescript",
      "link": true
    }
  }
}
